
Microsoft Visual Studio Solution File, Format Version 12.00
# Visual Studio Version 17
VisualStudioVersion = 17.5.33414.496
MinimumVisualStudioVersion = 10.0.40219.1
Project("{FAE04EC0-301F-11D3-BF4B-00C04F79EFBC}") = "DotNetSuperBank", "DotNetSuperBank\DotNetSuperBank.csproj", "{CC123F5B-A5DE-4D92-9199-51FC5EBBC76D}"
EndProject
Global
	GlobalSection(SolutionConfigurationPlatforms) = preSolution
		Debug|Any CPU = Debug|Any CPU
		Release|Any CPU = Release|Any CPU
	EndGlobalSection
	GlobalSection(ProjectConfigurationPlatforms) = postSolution
		{CC123F5B-A5DE-4D92-9199-51FC5EBBC76D}.Debug|Any CPU.ActiveCfg = Debug|Any CPU
		{CC123F5B-A5DE-4D92-9199-51FC5EBBC76D}.Debug|Any CPU.Build.0 = Debug|Any CPU
		{CC123F5B-A5DE-4D92-9199-51FC5EBBC76D}.Release|Any CPU.ActiveCfg = Release|Any CPU
		{CC123F5B-A5DE-4D92-9199-51FC5EBBC76D}.Release|Any CPU.Build.0 = Release|Any CPU
	EndGlobalSection
	GlobalSection(SolutionProperties) = preSolution
		HideSolutionNode = FALSE
	EndGlobalSection
	GlobalSection(ExtensibilityGlobals) = postSolution
		SolutionGuid = {B4B2E9CC-A603-4DE7-BD13-58AF78AA2416}
	EndGlobalSection
EndGlobal
